
Microsoft Visual Studio Solution File, Format Version 12.00
# Visual Studio Version 16
VisualStudioVersion = 16.0.30804.86
MinimumVisualStudioVersion = 10.0.40219.1
Project("{FAE04EC0-301F-11D3-BF4B-00C04F79EFBC}") = "threadSynchronizingOvelse3", "threadSynchronizingOvelse3\threadSynchronizingOvelse3.csproj", "{3B18A56E-FB01-480D-9FC1-EEE2980C1548}"
EndProject
Global
	GlobalSection(SolutionConfigurationPlatforms) = preSolution
		Debug|Any CPU = Debug|Any CPU
		Release|Any CPU = Release|Any CPU
	EndGlobalSection
	GlobalSection(ProjectConfigurationPlatforms) = postSolution
		{3B18A56E-FB01-480D-9FC1-EEE2980C1548}.Debug|Any CPU.ActiveCfg = Debug|Any CPU
		{3B18A56E-FB01-480D-9FC1-EEE2980C1548}.Debug|Any CPU.Build.0 = Debug|Any CPU
		{3B18A56E-FB01-480D-9FC1-EEE2980C1548}.Release|Any CPU.ActiveCfg = Release|Any CPU
		{3B18A56E-FB01-480D-9FC1-EEE2980C1548}.Release|Any CPU.Build.0 = Release|Any CPU
	EndGlobalSection
	GlobalSection(SolutionProperties) = preSolution
		HideSolutionNode = FALSE
	EndGlobalSection
	GlobalSection(ExtensibilityGlobals) = postSolution
		SolutionGuid = {A4603543-498A-44A4-A61D-8BC61AF5955F}
	EndGlobalSection
EndGlobal
